
Microsoft Visual Studio Solution File, Format Version 12.00
Project("{FAE04EC0-301F-11D3-BF4B-00C04F79EFBC}") = "ktulu", "ktulu\ktulu.csproj", "{91388EF1-F2DE-4C36-BDED-D78CD34A9168}"
EndProject
Project("{FAE04EC0-301F-11D3-BF4B-00C04F79EFBC}") = "rlyeh", "rlyeh\rlyeh.csproj", "{5F37FD37-1D38-42EC-BB33-B29250F4F50B}"
EndProject
Global
	GlobalSection(SolutionConfigurationPlatforms) = preSolution
		Debug|Any CPU = Debug|Any CPU
		Release|Any CPU = Release|Any CPU
	EndGlobalSection
	GlobalSection(ProjectConfigurationPlatforms) = postSolution
		{91388EF1-F2DE-4C36-BDED-D78CD34A9168}.Debug|Any CPU.ActiveCfg = Debug|Any CPU
		{91388EF1-F2DE-4C36-BDED-D78CD34A9168}.Debug|Any CPU.Build.0 = Debug|Any CPU
		{91388EF1-F2DE-4C36-BDED-D78CD34A9168}.Release|Any CPU.ActiveCfg = Release|Any CPU
		{91388EF1-F2DE-4C36-BDED-D78CD34A9168}.Release|Any CPU.Build.0 = Release|Any CPU
		{5F37FD37-1D38-42EC-BB33-B29250F4F50B}.Debug|Any CPU.ActiveCfg = Debug|Any CPU
		{5F37FD37-1D38-42EC-BB33-B29250F4F50B}.Debug|Any CPU.Build.0 = Debug|Any CPU
		{5F37FD37-1D38-42EC-BB33-B29250F4F50B}.Release|Any CPU.ActiveCfg = Release|Any CPU
		{5F37FD37-1D38-42EC-BB33-B29250F4F50B}.Release|Any CPU.Build.0 = Release|Any CPU
	EndGlobalSection
EndGlobal
